
Microsoft Visual Studio Solution File, Format Version 12.00
# Visual Studio Version 17
VisualStudioVersion = 17.7.34031.279
MinimumVisualStudioVersion = 10.0.40219.1
Project("{FAE04EC0-301F-11D3-BF4B-00C04F79EFBC}") = "SK_Connector", "SK_Connector.csproj", "{8E620C1C-DEAC-44CB-B15A-157BB67AECBF}"
EndProject
Global
	GlobalSection(SolutionConfigurationPlatforms) = preSolution
		Debug|Any CPU = Debug|Any CPU
		Release|Any CPU = Release|Any CPU
	EndGlobalSection
	GlobalSection(ProjectConfigurationPlatforms) = postSolution
		{8E620C1C-DEAC-44CB-B15A-157BB67AECBF}.Debug|Any CPU.ActiveCfg = Debug|Any CPU
		{8E620C1C-DEAC-44CB-B15A-157BB67AECBF}.Debug|Any CPU.Build.0 = Debug|Any CPU
		{8E620C1C-DEAC-44CB-B15A-157BB67AECBF}.Release|Any CPU.ActiveCfg = Release|Any CPU
		{8E620C1C-DEAC-44CB-B15A-157BB67AECBF}.Release|Any CPU.Build.0 = Release|Any CPU
	EndGlobalSection
	GlobalSection(SolutionProperties) = preSolution
		HideSolutionNode = FALSE
	EndGlobalSection
	GlobalSection(ExtensibilityGlobals) = postSolution
		SolutionGuid = {0244462E-BC78-4C1A-BF19-9BBA9DFBE076}
	EndGlobalSection
EndGlobal
